<?xml version="1.0" encoding="utf-8"?>
<Project ToolsVersion="4.0" xmlns="http://schemas.microsoft.com/developer/msbuild/2003">
  <ItemGroup>
    <Filter Include="ソース ファイル">
      <UniqueIdentifier>{4FC737F1-C7A5-4376-A066-2A32D752A2FF}</UniqueIdentifier>
      <Extensions>cpp;c;cc;cxx;def;odl;idl;hpj;bat;asm;asmx</Extensions>
    </Filter>
    <Filter Include="ヘッダー ファイル">
      <UniqueIdentifier>{93995380-89BD-4b04-88EB-625FBE52EBFB}</UniqueIdentifier>
      <Extensions>h;hh;hpp;hxx;hm;inl;inc;xsd</Extensions>
    </Filter>
    <Filter Include="リソース ファイル">
      <UniqueIdentifier>{67DA6AB6-F800-4c08-8B7A-83BB121AAD01}</UniqueIdentifier>
      <Extensions>rc;ico;cur;bmp;dlg;rc2;rct;bin;rgs;gif;jpg;jpeg;jpe;resx;tiff;tif;png;wav;mfcribbon-ms</Extensions>
    </Filter>
    <Filter Include="COMMON">
      <UniqueIdentifier>{27b955d9-1bbe-4d83-91d1-96a878cd6220}</UniqueIdentifier>
    </Filter>
    <Filter Include="3rdparty">
      <UniqueIdentifier>{c6472707-89ef-40af-a899-b5d39f3f0d85}</UniqueIdentifier>
    </Filter>
  </ItemGroup>
  <ItemGroup>
    <Text Include="ReadMe.txt" />
  </ItemGroup>
  <ItemGroup>
    <ClInclude Include="SimpleObjViewer.h">
      <Filter>ヘッダー ファイル</Filter>
    </ClInclude>
    <ClInclude Include="stdafx.h">
      <Filter>ヘッダー ファイル</Filter>
    </ClInclude>
    <ClInclude Include="targetver.h">
      <Filter>ヘッダー ファイル</Filter>
    </ClInclude>
    <ClInclude Include="MainFrm.h">
      <Filter>ヘッダー ファイル</Filter>
    </ClInclude>
    <ClInclude Include="SimpleObjViewerDoc.h">
      <Filter>ヘッダー ファイル</Filter>
    </ClInclude>
    <ClInclude Include="SimpleObjViewerView.h">
      <Filter>ヘッダー ファイル</Filter>
    </ClInclude>
    <ClInclude Include="Resource.h">
      <Filter>ヘッダー ファイル</Filter>
    </ClInclude>
    <ClInclude Include="COMMON\OglForMFC.h">
      <Filter>COMMON</Filter>
    </ClInclude>
    <ClInclude Include="COMMON\OglImage.h">
      <Filter>COMMON</Filter>
    </ClInclude>
    <ClInclude Include="COMMON\tmarchingcubes.h">
      <Filter>COMMON</Filter>
    </ClInclude>
    <ClInclude Include="COMMON\tmath.h">
      <Filter>COMMON</Filter>
    </ClInclude>
    <ClInclude Include="COMMON\tmesh.h">
      <Filter>COMMON</Filter>
    </ClInclude>
    <ClInclude Include="COMMON\tqueue.h">
      <Filter>COMMON</Filter>
    </ClInclude>
    <ClInclude Include="COMMON\expmap.h">
      <Filter>COMMON</Filter>
    </ClInclude>
    <ClInclude Include="COMMON\texsynthesissurface.h">
      <Filter>COMMON</Filter>
    </ClInclude>
  </ItemGroup>
  <ItemGroup>
    <ClCompile Include="SimpleObjViewer.cpp">
      <Filter>ソース ファイル</Filter>
    </ClCompile>
    <ClCompile Include="stdafx.cpp">
      <Filter>ソース ファイル</Filter>
    </ClCompile>
    <ClCompile Include="MainFrm.cpp">
      <Filter>ソース ファイル</Filter>
    </ClCompile>
    <ClCompile Include="SimpleObjViewerDoc.cpp">
      <Filter>ソース ファイル</Filter>
    </ClCompile>
    <ClCompile Include="SimpleObjViewerView.cpp">
      <Filter>ソース ファイル</Filter>
    </ClCompile>
    <ClCompile Include="COMMON\expmap.cpp">
      <Filter>COMMON</Filter>
    </ClCompile>
    <ClCompile Include="COMMON\texsynthesissurface.cpp">
      <Filter>COMMON</Filter>
    </ClCompile>
  </ItemGroup>
  <ItemGroup>
    <ResourceCompile Include="SimpleObjViewer.rc">
      <Filter>リソース ファイル</Filter>
    </ResourceCompile>
  </ItemGroup>
  <ItemGroup>
    <None Include="res\SimpleObjViewer.rc2">
      <Filter>リソース ファイル</Filter>
    </None>
  </ItemGroup>
  <ItemGroup>
    <Image Include="res\SimpleObjViewerDoc.ico">
      <Filter>リソース ファイル</Filter>
    </Image>
    <Image Include="res\SimpleObjViewer.ico">
      <Filter>リソース ファイル</Filter>
    </Image>
    <Image Include="res\Toolbar.bmp">
      <Filter>リソース ファイル</Filter>
    </Image>
  </ItemGroup>
</Project>